
Microsoft Visual Studio Solution File, Format Version 12.00
# Visual Studio Version 16
VisualStudioVersion = 16.0.28407.52
MinimumVisualStudioVersion = 10.0.40219.1
Project("{FAE04EC0-301F-11D3-BF4B-00C04F79EFBC}") = "NeuralNetwork", "NeuralNetwork\NeuralNetwork.csproj", "{BA690FE4-B020-419B-8986-942676B9A56A}"
EndProject
Project("{FAE04EC0-301F-11D3-BF4B-00C04F79EFBC}") = "NeuralNetworkGUI", "NeuralNetworkGUI\NeuralNetworkGUI.csproj", "{20422973-B802-46A4-89A1-B02268705321}"
EndProject
Global
	GlobalSection(SolutionConfigurationPlatforms) = preSolution
		Debug|Any CPU = Debug|Any CPU
		Release|Any CPU = Release|Any CPU
	EndGlobalSection
	GlobalSection(ProjectConfigurationPlatforms) = postSolution
		{BA690FE4-B020-419B-8986-942676B9A56A}.Debug|Any CPU.ActiveCfg = Debug|Any CPU
		{BA690FE4-B020-419B-8986-942676B9A56A}.Debug|Any CPU.Build.0 = Debug|Any CPU
		{BA690FE4-B020-419B-8986-942676B9A56A}.Release|Any CPU.ActiveCfg = Release|Any CPU
		{BA690FE4-B020-419B-8986-942676B9A56A}.Release|Any CPU.Build.0 = Release|Any CPU
		{20422973-B802-46A4-89A1-B02268705321}.Debug|Any CPU.ActiveCfg = Debug|Any CPU
		{20422973-B802-46A4-89A1-B02268705321}.Debug|Any CPU.Build.0 = Debug|Any CPU
		{20422973-B802-46A4-89A1-B02268705321}.Release|Any CPU.ActiveCfg = Release|Any CPU
		{20422973-B802-46A4-89A1-B02268705321}.Release|Any CPU.Build.0 = Release|Any CPU
	EndGlobalSection
	GlobalSection(SolutionProperties) = preSolution
		HideSolutionNode = FALSE
	EndGlobalSection
	GlobalSection(ExtensibilityGlobals) = postSolution
		SolutionGuid = {AA1E34D5-9E0F-42AF-BBF4-2E4024AFAFEA}
	EndGlobalSection
EndGlobal
